
Microsoft Visual Studio Solution File, Format Version 12.00
# Visual Studio Version 17
VisualStudioVersion = 17.3.32825.248
MinimumVisualStudioVersion = 10.0.40219.1
Project("{9A19103F-16F7-4668-BE54-9A1E7A4F7556}") = "Ireview.Web", "Ireview.Web\Ireview.Web.csproj", "{7788DF4F-29E0-419E-AC80-A80080ED0847}"
EndProject
Project("{9A19103F-16F7-4668-BE54-9A1E7A4F7556}") = "Ireview.Core", "Ireview.Core\Ireview.Core.csproj", "{D54F60E8-C223-458C-9212-8CA7CDC6F413}"
EndProject
Project("{9A19103F-16F7-4668-BE54-9A1E7A4F7556}") = "Ireview.Infrastructure", "Ireview.Infrastructure\Ireview.Infrastructure.csproj", "{90DEC49A-312E-4B4E-AED9-224E79645D7A}"
	ProjectSection(ProjectDependencies) = postProject
		{D54F60E8-C223-458C-9212-8CA7CDC6F413} = {D54F60E8-C223-458C-9212-8CA7CDC6F413}
	EndProjectSection
EndProject
Global
	GlobalSection(SolutionConfigurationPlatforms) = preSolution
		Debug|Any CPU = Debug|Any CPU
		Release|Any CPU = Release|Any CPU
	EndGlobalSection
	GlobalSection(ProjectConfigurationPlatforms) = postSolution
		{7788DF4F-29E0-419E-AC80-A80080ED0847}.Debug|Any CPU.ActiveCfg = Debug|Any CPU
		{7788DF4F-29E0-419E-AC80-A80080ED0847}.Debug|Any CPU.Build.0 = Debug|Any CPU
		{7788DF4F-29E0-419E-AC80-A80080ED0847}.Release|Any CPU.ActiveCfg = Release|Any CPU
		{7788DF4F-29E0-419E-AC80-A80080ED0847}.Release|Any CPU.Build.0 = Release|Any CPU
		{D54F60E8-C223-458C-9212-8CA7CDC6F413}.Debug|Any CPU.ActiveCfg = Debug|Any CPU
		{D54F60E8-C223-458C-9212-8CA7CDC6F413}.Debug|Any CPU.Build.0 = Debug|Any CPU
		{D54F60E8-C223-458C-9212-8CA7CDC6F413}.Release|Any CPU.ActiveCfg = Release|Any CPU
		{D54F60E8-C223-458C-9212-8CA7CDC6F413}.Release|Any CPU.Build.0 = Release|Any CPU
		{90DEC49A-312E-4B4E-AED9-224E79645D7A}.Debug|Any CPU.ActiveCfg = Debug|Any CPU
		{90DEC49A-312E-4B4E-AED9-224E79645D7A}.Debug|Any CPU.Build.0 = Debug|Any CPU
		{90DEC49A-312E-4B4E-AED9-224E79645D7A}.Release|Any CPU.ActiveCfg = Release|Any CPU
		{90DEC49A-312E-4B4E-AED9-224E79645D7A}.Release|Any CPU.Build.0 = Release|Any CPU
	EndGlobalSection
	GlobalSection(SolutionProperties) = preSolution
		HideSolutionNode = FALSE
	EndGlobalSection
	GlobalSection(ExtensibilityGlobals) = postSolution
		SolutionGuid = {D5F287AC-47B3-4225-A31E-526A5D1CAB8D}
	EndGlobalSection
EndGlobal
